
Microsoft Visual Studio Solution File, Format Version 12.00
# Visual Studio 15
Project("{FAE04EC0-301F-11D3-BF4B-00C04F79EFBC}") = "UnityEngine.UI", "UnityEngine.UI.csproj", "{081BE363-F637-3898-496E-8478B973C1E6}"
EndProject
Project("{FAE04EC0-301F-11D3-BF4B-00C04F79EFBC}") = "UnityEngine.TestRunner", "UnityEngine.TestRunner.csproj", "{FFC3CAFE-88E1-5629-4D8F-234362DF88BD}"
EndProject
Project("{FAE04EC0-301F-11D3-BF4B-00C04F79EFBC}") = "Unity.Mathematics", "Unity.Mathematics.csproj", "{6AAE1216-D8E2-3C37-47F4-FAC43F641C00}"
EndProject
Project("{FAE04EC0-301F-11D3-BF4B-00C04F79EFBC}") = "Unity.2D.Animation.Triangle.Runtime", "Unity.2D.Animation.Triangle.Runtime.csproj", "{31FF3E30-74E9-EC60-9A39-98F136F448D3}"
EndProject
Project("{FAE04EC0-301F-11D3-BF4B-00C04F79EFBC}") = "Unity.Timeline", "Unity.Timeline.csproj", "{C11D054A-2AD7-8204-78F0-00388EEA5BF0}"
EndProject
Project("{FAE04EC0-301F-11D3-BF4B-00C04F79EFBC}") = "Unity.TextMeshPro", "Unity.TextMeshPro.csproj", "{6955729E-960C-324F-D84D-177D0D794A9D}"
EndProject
Project("{FAE04EC0-301F-11D3-BF4B-00C04F79EFBC}") = "Unity.2D.Animation.Runtime", "Unity.2D.Animation.Runtime.csproj", "{B3D88223-B46D-C2E6-0EA5-D9EDCF265876}"
EndProject
Project("{FAE04EC0-301F-11D3-BF4B-00C04F79EFBC}") = "Unity.2D.IK.Runtime", "Unity.2D.IK.Runtime.csproj", "{ED8C2AE9-903C-6C6D-19A2-EFB9234D3A57}"
EndProject
Project("{FAE04EC0-301F-11D3-BF4B-00C04F79EFBC}") = "Unity.2D.SpriteShape.Runtime", "Unity.2D.SpriteShape.Runtime.csproj", "{BA0B0B02-E259-14C8-A929-061166EB5304}"
EndProject
Project("{FAE04EC0-301F-11D3-BF4B-00C04F79EFBC}") = "Unity.2D.PixelPerfect", "Unity.2D.PixelPerfect.csproj", "{81E6E2D6-BDE6-4EEE-0345-AA9A8FAB183C}"
EndProject
Project("{FAE04EC0-301F-11D3-BF4B-00C04F79EFBC}") = "Assembly-CSharp", "Assembly-CSharp.csproj", "{4B2BB067-9ECA-DD38-2EA0-06A7C123283A}"
EndProject
Project("{FAE04EC0-301F-11D3-BF4B-00C04F79EFBC}") = "Unity.2D.Common.Runtime", "Unity.2D.Common.Runtime.csproj", "{533194E4-DFAB-A7EA-19BA-75AB8FBA4FE8}"
EndProject
Project("{FAE04EC0-301F-11D3-BF4B-00C04F79EFBC}") = "Unity.InternalAPIEngineBridge.001", "Unity.InternalAPIEngineBridge.001.csproj", "{9611AD56-FCFB-F918-BED8-67C30AB28C83}"
EndProject
Project("{FAE04EC0-301F-11D3-BF4B-00C04F79EFBC}") = "UnityEditor.TestRunner", "UnityEditor.TestRunner.csproj", "{736CDDF4-0F82-DDC9-7225-3F7D21D64E07}"
EndProject
Project("{FAE04EC0-301F-11D3-BF4B-00C04F79EFBC}") = "UnityEditor.UI", "UnityEditor.UI.csproj", "{BDB10991-4876-DDCC-DD37-9C4CF1C36887}"
EndProject
Project("{FAE04EC0-301F-11D3-BF4B-00C04F79EFBC}") = "Unity.Timeline.Editor", "Unity.Timeline.Editor.csproj", "{51788247-71C5-19C2-AF48-7CFA86604FBE}"
EndProject
Project("{FAE04EC0-301F-11D3-BF4B-00C04F79EFBC}") = "Unity.VisualStudio.Editor", "Unity.VisualStudio.Editor.csproj", "{85F5D3A3-F03D-0FB0-47F1-C8F94FB97E5E}"
EndProject
Project("{FAE04EC0-301F-11D3-BF4B-00C04F79EFBC}") = "Unity.2D.Psdimporter.Editor", "Unity.2D.Psdimporter.Editor.csproj", "{25F7E309-6637-9B70-BD5A-9E3E83757658}"
EndProject
Project("{FAE04EC0-301F-11D3-BF4B-00C04F79EFBC}") = "Unity.2D.Animation.Editor", "Unity.2D.Animation.Editor.csproj", "{AFA85567-D85F-231B-A6F4-73A474080AE8}"
EndProject
Project("{FAE04EC0-301F-11D3-BF4B-00C04F79EFBC}") = "Unity.TextMeshPro.Editor", "Unity.TextMeshPro.Editor.csproj", "{CF4F2181-A86F-ECA0-789D-D1E345F04AFD}"
EndProject
Project("{FAE04EC0-301F-11D3-BF4B-00C04F79EFBC}") = "Unity.2D.SpriteShape.Editor", "Unity.2D.SpriteShape.Editor.csproj", "{ADD5F02A-E4A5-46D5-AC28-4DC4F7A765E6}"
EndProject
Project("{FAE04EC0-301F-11D3-BF4B-00C04F79EFBC}") = "Unity.CollabProxy.Editor", "Unity.CollabProxy.Editor.csproj", "{8BFE3800-6F6A-1B1B-0D19-46CF8B70DD4C}"
EndProject
Project("{FAE04EC0-301F-11D3-BF4B-00C04F79EFBC}") = "PsdPlugin", "PsdPlugin.csproj", "{717377C2-4D3D-CF3A-02B1-5E4CE794C460}"
EndProject
Project("{FAE04EC0-301F-11D3-BF4B-00C04F79EFBC}") = "Unity.2D.Path.Editor", "Unity.2D.Path.Editor.csproj", "{C02D4639-7373-C125-B77E-960D30B1DB0A}"
EndProject
Project("{FAE04EC0-301F-11D3-BF4B-00C04F79EFBC}") = "Unity.Rider.Editor", "Unity.Rider.Editor.csproj", "{744CCEB6-BB34-0187-C288-B664E0057F0B}"
EndProject
Project("{FAE04EC0-301F-11D3-BF4B-00C04F79EFBC}") = "Unity.2D.IK.Editor", "Unity.2D.IK.Editor.csproj", "{264593C6-5E3E-6C57-28C7-42B0DDC17902}"
EndProject
Project("{FAE04EC0-301F-11D3-BF4B-00C04F79EFBC}") = "Unity.2D.Sprite.Editor", "Unity.2D.Sprite.Editor.csproj", "{86B162A5-F7E7-100F-A057-A322FB8241B0}"
EndProject
Project("{FAE04EC0-301F-11D3-BF4B-00C04F79EFBC}") = "Unity.2D.Tilemap.Editor", "Unity.2D.Tilemap.Editor.csproj", "{C272D84B-A526-4310-3DA7-D4BAB408491D}"
EndProject
Project("{FAE04EC0-301F-11D3-BF4B-00C04F79EFBC}") = "Unity.2D.PixelPerfect.Editor", "Unity.2D.PixelPerfect.Editor.csproj", "{1925F0E0-7A4B-9590-4D63-D7138CAC3445}"
EndProject
Project("{FAE04EC0-301F-11D3-BF4B-00C04F79EFBC}") = "Unity.VSCode.Editor", "Unity.VSCode.Editor.csproj", "{9E5A9CA7-C77D-94E9-107B-D3177DA1B4C8}"
EndProject
Project("{FAE04EC0-301F-11D3-BF4B-00C04F79EFBC}") = "Unity.2D.Common.Editor", "Unity.2D.Common.Editor.csproj", "{F04CD1D1-9763-7B72-16B6-F958FF402D02}"
EndProject
Project("{FAE04EC0-301F-11D3-BF4B-00C04F79EFBC}") = "Unity.Mathematics.Editor", "Unity.Mathematics.Editor.csproj", "{638C58A5-3C94-5959-9AD3-99BF82A953C1}"
EndProject
Project("{FAE04EC0-301F-11D3-BF4B-00C04F79EFBC}") = "Unity.InternalAPIEditorBridge.001", "Unity.InternalAPIEditorBridge.001.csproj", "{5E28FFEC-E03D-34E7-7D12-D64EEC1F6977}"
EndProject
Project("{FAE04EC0-301F-11D3-BF4B-00C04F79EFBC}") = "UnityEngine.UI", "UnityEngine.UI.Player.csproj", "{654E2FEB-4388-1C2F-AA7A-A0DC6BFD2726}"
EndProject
Project("{FAE04EC0-301F-11D3-BF4B-00C04F79EFBC}") = "UnityEngine.TestRunner", "UnityEngine.TestRunner.Player.csproj", "{D8B12A2A-5C3A-65F5-DDC2-ED1124BC458A}"
EndProject
Project("{FAE04EC0-301F-11D3-BF4B-00C04F79EFBC}") = "Unity.Mathematics", "Unity.Mathematics.Player.csproj", "{142F626C-7C13-0DD7-0709-77F7A7F35226}"
EndProject
Project("{FAE04EC0-301F-11D3-BF4B-00C04F79EFBC}") = "Unity.2D.Animation.Triangle.Runtime", "Unity.2D.Animation.Triangle.Runtime.Player.csproj", "{2511276A-AD01-3155-4364-76C5EECCC15E}"
EndProject
Project("{FAE04EC0-301F-11D3-BF4B-00C04F79EFBC}") = "Unity.Timeline", "Unity.Timeline.Player.csproj", "{8783172C-3AAC-9E56-BB3C-5D2071C49307}"
EndProject
Project("{FAE04EC0-301F-11D3-BF4B-00C04F79EFBC}") = "Unity.TextMeshPro", "Unity.TextMeshPro.Player.csproj", "{4D150564-BD71-CA1E-D22B-94EDC34DD461}"
EndProject
Project("{FAE04EC0-301F-11D3-BF4B-00C04F79EFBC}") = "Unity.2D.Animation.Runtime", "Unity.2D.Animation.Runtime.Player.csproj", "{BF0EFFD8-92BF-A102-FEEB-AE36AA1253F4}"
EndProject
Project("{FAE04EC0-301F-11D3-BF4B-00C04F79EFBC}") = "Unity.2D.IK.Runtime", "Unity.2D.IK.Runtime.Player.csproj", "{3B473599-942E-038B-8F7B-33A29C02354E}"
EndProject
Project("{FAE04EC0-301F-11D3-BF4B-00C04F79EFBC}") = "Unity.2D.SpriteShape.Runtime", "Unity.2D.SpriteShape.Runtime.Player.csproj", "{640CABFE-0F4C-F1E8-DB96-F9E752878746}"
EndProject
Project("{FAE04EC0-301F-11D3-BF4B-00C04F79EFBC}") = "Unity.2D.PixelPerfect", "Unity.2D.PixelPerfect.Player.csproj", "{5658DAE4-B494-CAB8-6ABE-F8040329DC96}"
EndProject
Project("{FAE04EC0-301F-11D3-BF4B-00C04F79EFBC}") = "Assembly-CSharp", "Assembly-CSharp.Player.csproj", "{C225065F-0967-B64C-5F4F-39BED0ED343E}"
EndProject
Project("{FAE04EC0-301F-11D3-BF4B-00C04F79EFBC}") = "Unity.2D.Common.Runtime", "Unity.2D.Common.Runtime.Player.csproj", "{B1A38C29-32DD-3A02-8F52-AEDC59E72D69}"
EndProject
Project("{FAE04EC0-301F-11D3-BF4B-00C04F79EFBC}") = "Unity.InternalAPIEngineBridge.001", "Unity.InternalAPIEngineBridge.001.Player.csproj", "{DC902F61-3309-BFAB-596B-4F5F86E6EE64}"
EndProject
Global
	GlobalSection(SolutionConfigurationPlatforms) = preSolution
		Debug|Any CPU = Debug|Any CPU
		Release|Any CPU = Release|Any CPU
	EndGlobalSection
	GlobalSection(ProjectConfigurationPlatforms) = postSolution
		{081BE363-F637-3898-496E-8478B973C1E6}.Debug|Any CPU.ActiveCfg = Debug|Any CPU
		{081BE363-F637-3898-496E-8478B973C1E6}.Debug|Any CPU.Build.0 = Debug|Any CPU
		{081BE363-F637-3898-496E-8478B973C1E6}.Release|Any CPU.ActiveCfg = Release|Any CPU
		{081BE363-F637-3898-496E-8478B973C1E6}.Release|Any CPU.Build.0 = Release|Any CPU
		{FFC3CAFE-88E1-5629-4D8F-234362DF88BD}.Debug|Any CPU.ActiveCfg = Debug|Any CPU
		{FFC3CAFE-88E1-5629-4D8F-234362DF88BD}.Debug|Any CPU.Build.0 = Debug|Any CPU
		{FFC3CAFE-88E1-5629-4D8F-234362DF88BD}.Release|Any CPU.ActiveCfg = Release|Any CPU
		{FFC3CAFE-88E1-5629-4D8F-234362DF88BD}.Release|Any CPU.Build.0 = Release|Any CPU
		{6AAE1216-D8E2-3C37-47F4-FAC43F641C00}.Debug|Any CPU.ActiveCfg = Debug|Any CPU
		{6AAE1216-D8E2-3C37-47F4-FAC43F641C00}.Debug|Any CPU.Build.0 = Debug|Any CPU
		{6AAE1216-D8E2-3C37-47F4-FAC43F641C00}.Release|Any CPU.ActiveCfg = Release|Any CPU
		{6AAE1216-D8E2-3C37-47F4-FAC43F641C00}.Release|Any CPU.Build.0 = Release|Any CPU
		{31FF3E30-74E9-EC60-9A39-98F136F448D3}.Debug|Any CPU.ActiveCfg = Debug|Any CPU
		{31FF3E30-74E9-EC60-9A39-98F136F448D3}.Debug|Any CPU.Build.0 = Debug|Any CPU
		{31FF3E30-74E9-EC60-9A39-98F136F448D3}.Release|Any CPU.ActiveCfg = Release|Any CPU
		{31FF3E30-74E9-EC60-9A39-98F136F448D3}.Release|Any CPU.Build.0 = Release|Any CPU
		{C11D054A-2AD7-8204-78F0-00388EEA5BF0}.Debug|Any CPU.ActiveCfg = Debug|Any CPU
		{C11D054A-2AD7-8204-78F0-00388EEA5BF0}.Debug|Any CPU.Build.0 = Debug|Any CPU
		{C11D054A-2AD7-8204-78F0-00388EEA5BF0}.Release|Any CPU.ActiveCfg = Release|Any CPU
		{C11D054A-2AD7-8204-78F0-00388EEA5BF0}.Release|Any CPU.Build.0 = Release|Any CPU
		{6955729E-960C-324F-D84D-177D0D794A9D}.Debug|Any CPU.ActiveCfg = Debug|Any CPU
		{6955729E-960C-324F-D84D-177D0D794A9D}.Debug|Any CPU.Build.0 = Debug|Any CPU
		{6955729E-960C-324F-D84D-177D0D794A9D}.Release|Any CPU.ActiveCfg = Release|Any CPU
		{6955729E-960C-324F-D84D-177D0D794A9D}.Release|Any CPU.Build.0 = Release|Any CPU
		{B3D88223-B46D-C2E6-0EA5-D9EDCF265876}.Debug|Any CPU.ActiveCfg = Debug|Any CPU
		{B3D88223-B46D-C2E6-0EA5-D9EDCF265876}.Debug|Any CPU.Build.0 = Debug|Any CPU
		{B3D88223-B46D-C2E6-0EA5-D9EDCF265876}.Release|Any CPU.ActiveCfg = Release|Any CPU
		{B3D88223-B46D-C2E6-0EA5-D9EDCF265876}.Release|Any CPU.Build.0 = Release|Any CPU
		{ED8C2AE9-903C-6C6D-19A2-EFB9234D3A57}.Debug|Any CPU.ActiveCfg = Debug|Any CPU
		{ED8C2AE9-903C-6C6D-19A2-EFB9234D3A57}.Debug|Any CPU.Build.0 = Debug|Any CPU
		{ED8C2AE9-903C-6C6D-19A2-EFB9234D3A57}.Release|Any CPU.ActiveCfg = Release|Any CPU
		{ED8C2AE9-903C-6C6D-19A2-EFB9234D3A57}.Release|Any CPU.Build.0 = Release|Any CPU
		{BA0B0B02-E259-14C8-A929-061166EB5304}.Debug|Any CPU.ActiveCfg = Debug|Any CPU
		{BA0B0B02-E259-14C8-A929-061166EB5304}.Debug|Any CPU.Build.0 = Debug|Any CPU
		{BA0B0B02-E259-14C8-A929-061166EB5304}.Release|Any CPU.ActiveCfg = Release|Any CPU
		{BA0B0B02-E259-14C8-A929-061166EB5304}.Release|Any CPU.Build.0 = Release|Any CPU
		{81E6E2D6-BDE6-4EEE-0345-AA9A8FAB183C}.Debug|Any CPU.ActiveCfg = Debug|Any CPU
		{81E6E2D6-BDE6-4EEE-0345-AA9A8FAB183C}.Debug|Any CPU.Build.0 = Debug|Any CPU
		{81E6E2D6-BDE6-4EEE-0345-AA9A8FAB183C}.Release|Any CPU.ActiveCfg = Release|Any CPU
		{81E6E2D6-BDE6-4EEE-0345-AA9A8FAB183C}.Release|Any CPU.Build.0 = Release|Any CPU
		{4B2BB067-9ECA-DD38-2EA0-06A7C123283A}.Debug|Any CPU.ActiveCfg = Debug|Any CPU
		{4B2BB067-9ECA-DD38-2EA0-06A7C123283A}.Debug|Any CPU.Build.0 = Debug|Any CPU
		{4B2BB067-9ECA-DD38-2EA0-06A7C123283A}.Release|Any CPU.ActiveCfg = Release|Any CPU
		{4B2BB067-9ECA-DD38-2EA0-06A7C123283A}.Release|Any CPU.Build.0 = Release|Any CPU
		{533194E4-DFAB-A7EA-19BA-75AB8FBA4FE8}.Debug|Any CPU.ActiveCfg = Debug|Any CPU
		{533194E4-DFAB-A7EA-19BA-75AB8FBA4FE8}.Debug|Any CPU.Build.0 = Debug|Any CPU
		{533194E4-DFAB-A7EA-19BA-75AB8FBA4FE8}.Release|Any CPU.ActiveCfg = Release|Any CPU
		{533194E4-DFAB-A7EA-19BA-75AB8FBA4FE8}.Release|Any CPU.Build.0 = Release|Any CPU
		{9611AD56-FCFB-F918-BED8-67C30AB28C83}.Debug|Any CPU.ActiveCfg = Debug|Any CPU
		{9611AD56-FCFB-F918-BED8-67C30AB28C83}.Debug|Any CPU.Build.0 = Debug|Any CPU
		{9611AD56-FCFB-F918-BED8-67C30AB28C83}.Release|Any CPU.ActiveCfg = Release|Any CPU
		{9611AD56-FCFB-F918-BED8-67C30AB28C83}.Release|Any CPU.Build.0 = Release|Any CPU
		{736CDDF4-0F82-DDC9-7225-3F7D21D64E07}.Debug|Any CPU.ActiveCfg = Debug|Any CPU
		{736CDDF4-0F82-DDC9-7225-3F7D21D64E07}.Debug|Any CPU.Build.0 = Debug|Any CPU
		{736CDDF4-0F82-DDC9-7225-3F7D21D64E07}.Release|Any CPU.ActiveCfg = Release|Any CPU
		{736CDDF4-0F82-DDC9-7225-3F7D21D64E07}.Release|Any CPU.Build.0 = Release|Any CPU
		{BDB10991-4876-DDCC-DD37-9C4CF1C36887}.Debug|Any CPU.ActiveCfg = Debug|Any CPU
		{BDB10991-4876-DDCC-DD37-9C4CF1C36887}.Debug|Any CPU.Build.0 = Debug|Any CPU
		{BDB10991-4876-DDCC-DD37-9C4CF1C36887}.Release|Any CPU.ActiveCfg = Release|Any CPU
		{BDB10991-4876-DDCC-DD37-9C4CF1C36887}.Release|Any CPU.Build.0 = Release|Any CPU
		{51788247-71C5-19C2-AF48-7CFA86604FBE}.Debug|Any CPU.ActiveCfg = Debug|Any CPU
		{51788247-71C5-19C2-AF48-7CFA86604FBE}.Debug|Any CPU.Build.0 = Debug|Any CPU
		{51788247-71C5-19C2-AF48-7CFA86604FBE}.Release|Any CPU.ActiveCfg = Release|Any CPU
		{51788247-71C5-19C2-AF48-7CFA86604FBE}.Release|Any CPU.Build.0 = Release|Any CPU
		{85F5D3A3-F03D-0FB0-47F1-C8F94FB97E5E}.Debug|Any CPU.ActiveCfg = Debug|Any CPU
		{85F5D3A3-F03D-0FB0-47F1-C8F94FB97E5E}.Debug|Any CPU.Build.0 = Debug|Any CPU
		{85F5D3A3-F03D-0FB0-47F1-C8F94FB97E5E}.Release|Any CPU.ActiveCfg = Release|Any CPU
		{85F5D3A3-F03D-0FB0-47F1-C8F94FB97E5E}.Release|Any CPU.Build.0 = Release|Any CPU
		{25F7E309-6637-9B70-BD5A-9E3E83757658}.Debug|Any CPU.ActiveCfg = Debug|Any CPU
		{25F7E309-6637-9B70-BD5A-9E3E83757658}.Debug|Any CPU.Build.0 = Debug|Any CPU
		{25F7E309-6637-9B70-BD5A-9E3E83757658}.Release|Any CPU.ActiveCfg = Release|Any CPU
		{25F7E309-6637-9B70-BD5A-9E3E83757658}.Release|Any CPU.Build.0 = Release|Any CPU
		{AFA85567-D85F-231B-A6F4-73A474080AE8}.Debug|Any CPU.ActiveCfg = Debug|Any CPU
		{AFA85567-D85F-231B-A6F4-73A474080AE8}.Debug|Any CPU.Build.0 = Debug|Any CPU
		{AFA85567-D85F-231B-A6F4-73A474080AE8}.Release|Any CPU.ActiveCfg = Release|Any CPU
		{AFA85567-D85F-231B-A6F4-73A474080AE8}.Release|Any CPU.Build.0 = Release|Any CPU
		{CF4F2181-A86F-ECA0-789D-D1E345F04AFD}.Debug|Any CPU.ActiveCfg = Debug|Any CPU
		{CF4F2181-A86F-ECA0-789D-D1E345F04AFD}.Debug|Any CPU.Build.0 = Debug|Any CPU
		{CF4F2181-A86F-ECA0-789D-D1E345F04AFD}.Release|Any CPU.ActiveCfg = Release|Any CPU
		{CF4F2181-A86F-ECA0-789D-D1E345F04AFD}.Release|Any CPU.Build.0 = Release|Any CPU
		{ADD5F02A-E4A5-46D5-AC28-4DC4F7A765E6}.Debug|Any CPU.ActiveCfg = Debug|Any CPU
		{ADD5F02A-E4A5-46D5-AC28-4DC4F7A765E6}.Debug|Any CPU.Build.0 = Debug|Any CPU
		{ADD5F02A-E4A5-46D5-AC28-4DC4F7A765E6}.Release|Any CPU.ActiveCfg = Release|Any CPU
		{ADD5F02A-E4A5-46D5-AC28-4DC4F7A765E6}.Release|Any CPU.Build.0 = Release|Any CPU
		{8BFE3800-6F6A-1B1B-0D19-46CF8B70DD4C}.Debug|Any CPU.ActiveCfg = Debug|Any CPU
		{8BFE3800-6F6A-1B1B-0D19-46CF8B70DD4C}.Debug|Any CPU.Build.0 = Debug|Any CPU
		{8BFE3800-6F6A-1B1B-0D19-46CF8B70DD4C}.Release|Any CPU.ActiveCfg = Release|Any CPU
		{8BFE3800-6F6A-1B1B-0D19-46CF8B70DD4C}.Release|Any CPU.Build.0 = Release|Any CPU
		{717377C2-4D3D-CF3A-02B1-5E4CE794C460}.Debug|Any CPU.ActiveCfg = Debug|Any CPU
		{717377C2-4D3D-CF3A-02B1-5E4CE794C460}.Debug|Any CPU.Build.0 = Debug|Any CPU
		{717377C2-4D3D-CF3A-02B1-5E4CE794C460}.Release|Any CPU.ActiveCfg = Release|Any CPU
		{717377C2-4D3D-CF3A-02B1-5E4CE794C460}.Release|Any CPU.Build.0 = Release|Any CPU
		{C02D4639-7373-C125-B77E-960D30B1DB0A}.Debug|Any CPU.ActiveCfg = Debug|Any CPU
		{C02D4639-7373-C125-B77E-960D30B1DB0A}.Debug|Any CPU.Build.0 = Debug|Any CPU
		{C02D4639-7373-C125-B77E-960D30B1DB0A}.Release|Any CPU.ActiveCfg = Release|Any CPU
		{C02D4639-7373-C125-B77E-960D30B1DB0A}.Release|Any CPU.Build.0 = Release|Any CPU
		{744CCEB6-BB34-0187-C288-B664E0057F0B}.Debug|Any CPU.ActiveCfg = Debug|Any CPU
		{744CCEB6-BB34-0187-C288-B664E0057F0B}.Debug|Any CPU.Build.0 = Debug|Any CPU
		{744CCEB6-BB34-0187-C288-B664E0057F0B}.Release|Any CPU.ActiveCfg = Release|Any CPU
		{744CCEB6-BB34-0187-C288-B664E0057F0B}.Release|Any CPU.Build.0 = Release|Any CPU
		{264593C6-5E3E-6C57-28C7-42B0DDC17902}.Debug|Any CPU.ActiveCfg = Debug|Any CPU
		{264593C6-5E3E-6C57-28C7-42B0DDC17902}.Debug|Any CPU.Build.0 = Debug|Any CPU
		{264593C6-5E3E-6C57-28C7-42B0DDC17902}.Release|Any CPU.ActiveCfg = Release|Any CPU
		{264593C6-5E3E-6C57-28C7-42B0DDC17902}.Release|Any CPU.Build.0 = Release|Any CPU
		{86B162A5-F7E7-100F-A057-A322FB8241B0}.Debug|Any CPU.ActiveCfg = Debug|Any CPU
		{86B162A5-F7E7-100F-A057-A322FB8241B0}.Debug|Any CPU.Build.0 = Debug|Any CPU
		{86B162A5-F7E7-100F-A057-A322FB8241B0}.Release|Any CPU.ActiveCfg = Release|Any CPU
		{86B162A5-F7E7-100F-A057-A322FB8241B0}.Release|Any CPU.Build.0 = Release|Any CPU
		{C272D84B-A526-4310-3DA7-D4BAB408491D}.Debug|Any CPU.ActiveCfg = Debug|Any CPU
		{C272D84B-A526-4310-3DA7-D4BAB408491D}.Debug|Any CPU.Build.0 = Debug|Any CPU
		{C272D84B-A526-4310-3DA7-D4BAB408491D}.Release|Any CPU.ActiveCfg = Release|Any CPU
		{C272D84B-A526-4310-3DA7-D4BAB408491D}.Release|Any CPU.Build.0 = Release|Any CPU
		{1925F0E0-7A4B-9590-4D63-D7138CAC3445}.Debug|Any CPU.ActiveCfg = Debug|Any CPU
		{1925F0E0-7A4B-9590-4D63-D7138CAC3445}.Debug|Any CPU.Build.0 = Debug|Any CPU
		{1925F0E0-7A4B-9590-4D63-D7138CAC3445}.Release|Any CPU.ActiveCfg = Release|Any CPU
		{1925F0E0-7A4B-9590-4D63-D7138CAC3445}.Release|Any CPU.Build.0 = Release|Any CPU
		{9E5A9CA7-C77D-94E9-107B-D3177DA1B4C8}.Debug|Any CPU.ActiveCfg = Debug|Any CPU
		{9E5A9CA7-C77D-94E9-107B-D3177DA1B4C8}.Debug|Any CPU.Build.0 = Debug|Any CPU
		{9E5A9CA7-C77D-94E9-107B-D3177DA1B4C8}.Release|Any CPU.ActiveCfg = Release|Any CPU
		{9E5A9CA7-C77D-94E9-107B-D3177DA1B4C8}.Release|Any CPU.Build.0 = Release|Any CPU
		{F04CD1D1-9763-7B72-16B6-F958FF402D02}.Debug|Any CPU.ActiveCfg = Debug|Any CPU
		{F04CD1D1-9763-7B72-16B6-F958FF402D02}.Debug|Any CPU.Build.0 = Debug|Any CPU
		{F04CD1D1-9763-7B72-16B6-F958FF402D02}.Release|Any CPU.ActiveCfg = Release|Any CPU
		{F04CD1D1-9763-7B72-16B6-F958FF402D02}.Release|Any CPU.Build.0 = Release|Any CPU
		{638C58A5-3C94-5959-9AD3-99BF82A953C1}.Debug|Any CPU.ActiveCfg = Debug|Any CPU
		{638C58A5-3C94-5959-9AD3-99BF82A953C1}.Debug|Any CPU.Build.0 = Debug|Any CPU
		{638C58A5-3C94-5959-9AD3-99BF82A953C1}.Release|Any CPU.ActiveCfg = Release|Any CPU
		{638C58A5-3C94-5959-9AD3-99BF82A953C1}.Release|Any CPU.Build.0 = Release|Any CPU
		{5E28FFEC-E03D-34E7-7D12-D64EEC1F6977}.Debug|Any CPU.ActiveCfg = Debug|Any CPU
		{5E28FFEC-E03D-34E7-7D12-D64EEC1F6977}.Debug|Any CPU.Build.0 = Debug|Any CPU
		{5E28FFEC-E03D-34E7-7D12-D64EEC1F6977}.Release|Any CPU.ActiveCfg = Release|Any CPU
		{5E28FFEC-E03D-34E7-7D12-D64EEC1F6977}.Release|Any CPU.Build.0 = Release|Any CPU
		{654E2FEB-4388-1C2F-AA7A-A0DC6BFD2726}.Debug|Any CPU.ActiveCfg = Debug|Any CPU
		{654E2FEB-4388-1C2F-AA7A-A0DC6BFD2726}.Debug|Any CPU.Build.0 = Debug|Any CPU
		{654E2FEB-4388-1C2F-AA7A-A0DC6BFD2726}.Release|Any CPU.ActiveCfg = Release|Any CPU
		{654E2FEB-4388-1C2F-AA7A-A0DC6BFD2726}.Release|Any CPU.Build.0 = Release|Any CPU
		{D8B12A2A-5C3A-65F5-DDC2-ED1124BC458A}.Debug|Any CPU.ActiveCfg = Debug|Any CPU
		{D8B12A2A-5C3A-65F5-DDC2-ED1124BC458A}.Debug|Any CPU.Build.0 = Debug|Any CPU
		{D8B12A2A-5C3A-65F5-DDC2-ED1124BC458A}.Release|Any CPU.ActiveCfg = Release|Any CPU
		{D8B12A2A-5C3A-65F5-DDC2-ED1124BC458A}.Release|Any CPU.Build.0 = Release|Any CPU
		{142F626C-7C13-0DD7-0709-77F7A7F35226}.Debug|Any CPU.ActiveCfg = Debug|Any CPU
		{142F626C-7C13-0DD7-0709-77F7A7F35226}.Debug|Any CPU.Build.0 = Debug|Any CPU
		{142F626C-7C13-0DD7-0709-77F7A7F35226}.Release|Any CPU.ActiveCfg = Release|Any CPU
		{142F626C-7C13-0DD7-0709-77F7A7F35226}.Release|Any CPU.Build.0 = Release|Any CPU
		{2511276A-AD01-3155-4364-76C5EECCC15E}.Debug|Any CPU.ActiveCfg = Debug|Any CPU
		{2511276A-AD01-3155-4364-76C5EECCC15E}.Debug|Any CPU.Build.0 = Debug|Any CPU
		{2511276A-AD01-3155-4364-76C5EECCC15E}.Release|Any CPU.ActiveCfg = Release|Any CPU
		{2511276A-AD01-3155-4364-76C5EECCC15E}.Release|Any CPU.Build.0 = Release|Any CPU
		{8783172C-3AAC-9E56-BB3C-5D2071C49307}.Debug|Any CPU.ActiveCfg = Debug|Any CPU
		{8783172C-3AAC-9E56-BB3C-5D2071C49307}.Debug|Any CPU.Build.0 = Debug|Any CPU
		{8783172C-3AAC-9E56-BB3C-5D2071C49307}.Release|Any CPU.ActiveCfg = Release|Any CPU
		{8783172C-3AAC-9E56-BB3C-5D2071C49307}.Release|Any CPU.Build.0 = Release|Any CPU
		{4D150564-BD71-CA1E-D22B-94EDC34DD461}.Debug|Any CPU.ActiveCfg = Debug|Any CPU
		{4D150564-BD71-CA1E-D22B-94EDC34DD461}.Debug|Any CPU.Build.0 = Debug|Any CPU
		{4D150564-BD71-CA1E-D22B-94EDC34DD461}.Release|Any CPU.ActiveCfg = Release|Any CPU
		{4D150564-BD71-CA1E-D22B-94EDC34DD461}.Release|Any CPU.Build.0 = Release|Any CPU
		{BF0EFFD8-92BF-A102-FEEB-AE36AA1253F4}.Debug|Any CPU.ActiveCfg = Debug|Any CPU
		{BF0EFFD8-92BF-A102-FEEB-AE36AA1253F4}.Debug|Any CPU.Build.0 = Debug|Any CPU
		{BF0EFFD8-92BF-A102-FEEB-AE36AA1253F4}.Release|Any CPU.ActiveCfg = Release|Any CPU
		{BF0EFFD8-92BF-A102-FEEB-AE36AA1253F4}.Release|Any CPU.Build.0 = Release|Any CPU
		{3B473599-942E-038B-8F7B-33A29C02354E}.Debug|Any CPU.ActiveCfg = Debug|Any CPU
		{3B473599-942E-038B-8F7B-33A29C02354E}.Debug|Any CPU.Build.0 = Debug|Any CPU
		{3B473599-942E-038B-8F7B-33A29C02354E}.Release|Any CPU.ActiveCfg = Release|Any CPU
		{3B473599-942E-038B-8F7B-33A29C02354E}.Release|Any CPU.Build.0 = Release|Any CPU
		{640CABFE-0F4C-F1E8-DB96-F9E752878746}.Debug|Any CPU.ActiveCfg = Debug|Any CPU
		{640CABFE-0F4C-F1E8-DB96-F9E752878746}.Debug|Any CPU.Build.0 = Debug|Any CPU
		{640CABFE-0F4C-F1E8-DB96-F9E752878746}.Release|Any CPU.ActiveCfg = Release|Any CPU
		{640CABFE-0F4C-F1E8-DB96-F9E752878746}.Release|Any CPU.Build.0 = Release|Any CPU
		{5658DAE4-B494-CAB8-6ABE-F8040329DC96}.Debug|Any CPU.ActiveCfg = Debug|Any CPU
		{5658DAE4-B494-CAB8-6ABE-F8040329DC96}.Debug|Any CPU.Build.0 = Debug|Any CPU
		{5658DAE4-B494-CAB8-6ABE-F8040329DC96}.Release|Any CPU.ActiveCfg = Release|Any CPU
		{5658DAE4-B494-CAB8-6ABE-F8040329DC96}.Release|Any CPU.Build.0 = Release|Any CPU
		{C225065F-0967-B64C-5F4F-39BED0ED343E}.Debug|Any CPU.ActiveCfg = Debug|Any CPU
		{C225065F-0967-B64C-5F4F-39BED0ED343E}.Debug|Any CPU.Build.0 = Debug|Any CPU
		{C225065F-0967-B64C-5F4F-39BED0ED343E}.Release|Any CPU.ActiveCfg = Release|Any CPU
		{C225065F-0967-B64C-5F4F-39BED0ED343E}.Release|Any CPU.Build.0 = Release|Any CPU
		{B1A38C29-32DD-3A02-8F52-AEDC59E72D69}.Debug|Any CPU.ActiveCfg = Debug|Any CPU
		{B1A38C29-32DD-3A02-8F52-AEDC59E72D69}.Debug|Any CPU.Build.0 = Debug|Any CPU
		{B1A38C29-32DD-3A02-8F52-AEDC59E72D69}.Release|Any CPU.ActiveCfg = Release|Any CPU
		{B1A38C29-32DD-3A02-8F52-AEDC59E72D69}.Release|Any CPU.Build.0 = Release|Any CPU
		{DC902F61-3309-BFAB-596B-4F5F86E6EE64}.Debug|Any CPU.ActiveCfg = Debug|Any CPU
		{DC902F61-3309-BFAB-596B-4F5F86E6EE64}.Debug|Any CPU.Build.0 = Debug|Any CPU
		{DC902F61-3309-BFAB-596B-4F5F86E6EE64}.Release|Any CPU.ActiveCfg = Release|Any CPU
		{DC902F61-3309-BFAB-596B-4F5F86E6EE64}.Release|Any CPU.Build.0 = Release|Any CPU
	EndGlobalSection
	GlobalSection(SolutionProperties) = preSolution
		HideSolutionNode = FALSE
	EndGlobalSection
EndGlobal
